
Microsoft Visual Studio Solution File, Format Version 12.00
# Visual Studio Version 16
VisualStudioVersion = 16.0.30330.147
MinimumVisualStudioVersion = 10.0.40219.1
Project("{FAE04EC0-301F-11D3-BF4B-00C04F79EFBC}") = "XamarinMathsQuiz.Android", "XamarinMathsQuiz\XamarinMathsQuiz.Android\XamarinMathsQuiz.Android.csproj", "{8D5F34A7-1556-498C-8399-9554A6520571}"
EndProject
Project("{FAE04EC0-301F-11D3-BF4B-00C04F79EFBC}") = "XamarinMathsQuiz", "XamarinMathsQuiz\XamarinMathsQuiz\XamarinMathsQuiz.csproj", "{5BEA831B-BEA6-43C2-9E5F-D4357832FCAE}"
EndProject
Global
	GlobalSection(SolutionConfigurationPlatforms) = preSolution
		Debug|Any CPU = Debug|Any CPU
		Release|Any CPU = Release|Any CPU
	EndGlobalSection
	GlobalSection(ProjectConfigurationPlatforms) = postSolution
		{8D5F34A7-1556-498C-8399-9554A6520571}.Debug|Any CPU.ActiveCfg = Debug|Any CPU
		{8D5F34A7-1556-498C-8399-9554A6520571}.Debug|Any CPU.Build.0 = Debug|Any CPU
		{8D5F34A7-1556-498C-8399-9554A6520571}.Debug|Any CPU.Deploy.0 = Debug|Any CPU
		{8D5F34A7-1556-498C-8399-9554A6520571}.Release|Any CPU.ActiveCfg = Release|Any CPU
		{8D5F34A7-1556-498C-8399-9554A6520571}.Release|Any CPU.Build.0 = Release|Any CPU
		{8D5F34A7-1556-498C-8399-9554A6520571}.Release|Any CPU.Deploy.0 = Release|Any CPU
		{5BEA831B-BEA6-43C2-9E5F-D4357832FCAE}.Debug|Any CPU.ActiveCfg = Debug|Any CPU
		{5BEA831B-BEA6-43C2-9E5F-D4357832FCAE}.Debug|Any CPU.Build.0 = Debug|Any CPU
		{5BEA831B-BEA6-43C2-9E5F-D4357832FCAE}.Debug|Any CPU.Deploy.0 = Debug|Any CPU
		{5BEA831B-BEA6-43C2-9E5F-D4357832FCAE}.Release|Any CPU.ActiveCfg = Release|Any CPU
		{5BEA831B-BEA6-43C2-9E5F-D4357832FCAE}.Release|Any CPU.Build.0 = Release|Any CPU
		{5BEA831B-BEA6-43C2-9E5F-D4357832FCAE}.Release|Any CPU.Deploy.0 = Release|Any CPU
	EndGlobalSection
	GlobalSection(SolutionProperties) = preSolution
		HideSolutionNode = FALSE
	EndGlobalSection
	GlobalSection(ExtensibilityGlobals) = postSolution
		SolutionGuid = {A3A4BFE7-6A3A-481D-9F9B-7395742FFA76}
	EndGlobalSection
EndGlobal
